
Microsoft Visual Studio Solution File, Format Version 12.00
# Visual Studio 14
VisualStudioVersion = 14.0.25420.1
MinimumVisualStudioVersion = 10.0.40219.1
Project("{2150E333-8FDC-42A3-9474-1A3956D46DE8}") = "Engine", "Engine", "{78698A61-A1F4-43E6-9924-1671BDFCBAA3}"
EndProject
Project("{2150E333-8FDC-42A3-9474-1A3956D46DE8}") = "Games", "Games", "{CDD350C1-AF1B-47F7-86D5-4BC75DF2DD9D}"
EndProject
Project("{8BC9CEB8-8B4A-11D0-8D11-00A0C91BC942}") = "UE4", "Intermediate\ProjectFiles\UE4.vcxproj", "{372A5985-C2F4-430D-8724-7ECF38C7AB34}"
EndProject
Project("{8BC9CEB8-8B4A-11D0-8D11-00A0C91BC942}") = "BuildingEscape", "Intermediate\ProjectFiles\BuildingEscape.vcxproj", "{13E5A238-C331-41D1-B819-D06A8E7539B9}"
EndProject
Global
	GlobalSection(SolutionConfigurationPlatforms) = preSolution
		DebugGame Editor|HTML5 = DebugGame Editor|HTML5
		DebugGame Editor|Win32 = DebugGame Editor|Win32
		DebugGame Editor|Win64 = DebugGame Editor|Win64
		DebugGame|HTML5 = DebugGame|HTML5
		DebugGame|Win32 = DebugGame|Win32
		DebugGame|Win64 = DebugGame|Win64
		Development Editor|HTML5 = Development Editor|HTML5
		Development Editor|Win32 = Development Editor|Win32
		Development Editor|Win64 = Development Editor|Win64
		Development|HTML5 = Development|HTML5
		Development|Win32 = Development|Win32
		Development|Win64 = Development|Win64
		Shipping|HTML5 = Shipping|HTML5
		Shipping|Win32 = Shipping|Win32
		Shipping|Win64 = Shipping|Win64
	EndGlobalSection
	GlobalSection(ProjectConfigurationPlatforms) = postSolution
		{372A5985-C2F4-430D-8724-7ECF38C7AB34}.DebugGame Editor|HTML5.ActiveCfg = BuiltWithUnrealBuildTool|Win32
		{372A5985-C2F4-430D-8724-7ECF38C7AB34}.DebugGame Editor|HTML5.Build.0 = BuiltWithUnrealBuildTool|Win32
		{372A5985-C2F4-430D-8724-7ECF38C7AB34}.DebugGame Editor|Win32.ActiveCfg = BuiltWithUnrealBuildTool|Win32
		{372A5985-C2F4-430D-8724-7ECF38C7AB34}.DebugGame Editor|Win32.Build.0 = BuiltWithUnrealBuildTool|Win32
		{372A5985-C2F4-430D-8724-7ECF38C7AB34}.DebugGame Editor|Win64.ActiveCfg = BuiltWithUnrealBuildTool|Win32
		{372A5985-C2F4-430D-8724-7ECF38C7AB34}.DebugGame Editor|Win64.Build.0 = BuiltWithUnrealBuildTool|Win32
		{372A5985-C2F4-430D-8724-7ECF38C7AB34}.DebugGame|HTML5.ActiveCfg = BuiltWithUnrealBuildTool|Win32
		{372A5985-C2F4-430D-8724-7ECF38C7AB34}.DebugGame|HTML5.Build.0 = BuiltWithUnrealBuildTool|Win32
		{372A5985-C2F4-430D-8724-7ECF38C7AB34}.DebugGame|Win32.ActiveCfg = BuiltWithUnrealBuildTool|Win32
		{372A5985-C2F4-430D-8724-7ECF38C7AB34}.DebugGame|Win32.Build.0 = BuiltWithUnrealBuildTool|Win32
		{372A5985-C2F4-430D-8724-7ECF38C7AB34}.DebugGame|Win64.ActiveCfg = BuiltWithUnrealBuildTool|Win32
		{372A5985-C2F4-430D-8724-7ECF38C7AB34}.DebugGame|Win64.Build.0 = BuiltWithUnrealBuildTool|Win32
		{372A5985-C2F4-430D-8724-7ECF38C7AB34}.Development Editor|HTML5.ActiveCfg = BuiltWithUnrealBuildTool|Win32
		{372A5985-C2F4-430D-8724-7ECF38C7AB34}.Development Editor|HTML5.Build.0 = BuiltWithUnrealBuildTool|Win32
		{372A5985-C2F4-430D-8724-7ECF38C7AB34}.Development Editor|Win32.ActiveCfg = BuiltWithUnrealBuildTool|Win32
		{372A5985-C2F4-430D-8724-7ECF38C7AB34}.Development Editor|Win32.Build.0 = BuiltWithUnrealBuildTool|Win32
		{372A5985-C2F4-430D-8724-7ECF38C7AB34}.Development Editor|Win64.ActiveCfg = BuiltWithUnrealBuildTool|Win32
		{372A5985-C2F4-430D-8724-7ECF38C7AB34}.Development Editor|Win64.Build.0 = BuiltWithUnrealBuildTool|Win32
		{372A5985-C2F4-430D-8724-7ECF38C7AB34}.Development|HTML5.ActiveCfg = BuiltWithUnrealBuildTool|Win32
		{372A5985-C2F4-430D-8724-7ECF38C7AB34}.Development|HTML5.Build.0 = BuiltWithUnrealBuildTool|Win32
		{372A5985-C2F4-430D-8724-7ECF38C7AB34}.Development|Win32.ActiveCfg = BuiltWithUnrealBuildTool|Win32
		{372A5985-C2F4-430D-8724-7ECF38C7AB34}.Development|Win32.Build.0 = BuiltWithUnrealBuildTool|Win32
		{372A5985-C2F4-430D-8724-7ECF38C7AB34}.Development|Win64.ActiveCfg = BuiltWithUnrealBuildTool|Win32
		{372A5985-C2F4-430D-8724-7ECF38C7AB34}.Development|Win64.Build.0 = BuiltWithUnrealBuildTool|Win32
		{372A5985-C2F4-430D-8724-7ECF38C7AB34}.Shipping|HTML5.ActiveCfg = BuiltWithUnrealBuildTool|Win32
		{372A5985-C2F4-430D-8724-7ECF38C7AB34}.Shipping|HTML5.Build.0 = BuiltWithUnrealBuildTool|Win32
		{372A5985-C2F4-430D-8724-7ECF38C7AB34}.Shipping|Win32.ActiveCfg = BuiltWithUnrealBuildTool|Win32
		{372A5985-C2F4-430D-8724-7ECF38C7AB34}.Shipping|Win32.Build.0 = BuiltWithUnrealBuildTool|Win32
		{372A5985-C2F4-430D-8724-7ECF38C7AB34}.Shipping|Win64.ActiveCfg = BuiltWithUnrealBuildTool|Win32
		{372A5985-C2F4-430D-8724-7ECF38C7AB34}.Shipping|Win64.Build.0 = BuiltWithUnrealBuildTool|Win32
		{13E5A238-C331-41D1-B819-D06A8E7539B9}.DebugGame Editor|HTML5.ActiveCfg = HTML5_DebugGame_Editor|Win32
		{13E5A238-C331-41D1-B819-D06A8E7539B9}.DebugGame Editor|Win32.ActiveCfg = DebugGame_Editor|Win32
		{13E5A238-C331-41D1-B819-D06A8E7539B9}.DebugGame Editor|Win64.ActiveCfg = DebugGame_Editor|x64
		{13E5A238-C331-41D1-B819-D06A8E7539B9}.DebugGame Editor|Win64.Build.0 = DebugGame_Editor|x64
		{13E5A238-C331-41D1-B819-D06A8E7539B9}.DebugGame|HTML5.ActiveCfg = HTML5_DebugGame_Game|Win32
		{13E5A238-C331-41D1-B819-D06A8E7539B9}.DebugGame|HTML5.Build.0 = HTML5_DebugGame_Game|Win32
		{13E5A238-C331-41D1-B819-D06A8E7539B9}.DebugGame|Win32.ActiveCfg = DebugGame_Game|Win32
		{13E5A238-C331-41D1-B819-D06A8E7539B9}.DebugGame|Win32.Build.0 = DebugGame_Game|Win32
		{13E5A238-C331-41D1-B819-D06A8E7539B9}.DebugGame|Win64.ActiveCfg = DebugGame_Game|x64
		{13E5A238-C331-41D1-B819-D06A8E7539B9}.DebugGame|Win64.Build.0 = DebugGame_Game|x64
		{13E5A238-C331-41D1-B819-D06A8E7539B9}.Development Editor|HTML5.ActiveCfg = HTML5_Development_Editor|Win32
		{13E5A238-C331-41D1-B819-D06A8E7539B9}.Development Editor|Win32.ActiveCfg = Development_Editor|Win32
		{13E5A238-C331-41D1-B819-D06A8E7539B9}.Development Editor|Win64.ActiveCfg = Development_Editor|x64
		{13E5A238-C331-41D1-B819-D06A8E7539B9}.Development Editor|Win64.Build.0 = Development_Editor|x64
		{13E5A238-C331-41D1-B819-D06A8E7539B9}.Development|HTML5.ActiveCfg = HTML5_Development_Game|Win32
		{13E5A238-C331-41D1-B819-D06A8E7539B9}.Development|HTML5.Build.0 = HTML5_Development_Game|Win32
		{13E5A238-C331-41D1-B819-D06A8E7539B9}.Development|Win32.ActiveCfg = Development_Game|Win32
		{13E5A238-C331-41D1-B819-D06A8E7539B9}.Development|Win32.Build.0 = Development_Game|Win32
		{13E5A238-C331-41D1-B819-D06A8E7539B9}.Development|Win64.ActiveCfg = Development_Game|x64
		{13E5A238-C331-41D1-B819-D06A8E7539B9}.Development|Win64.Build.0 = Development_Game|x64
		{13E5A238-C331-41D1-B819-D06A8E7539B9}.Shipping|HTML5.ActiveCfg = HTML5_Shipping_Game|Win32
		{13E5A238-C331-41D1-B819-D06A8E7539B9}.Shipping|HTML5.Build.0 = HTML5_Shipping_Game|Win32
		{13E5A238-C331-41D1-B819-D06A8E7539B9}.Shipping|Win32.ActiveCfg = Shipping_Game|Win32
		{13E5A238-C331-41D1-B819-D06A8E7539B9}.Shipping|Win32.Build.0 = Shipping_Game|Win32
		{13E5A238-C331-41D1-B819-D06A8E7539B9}.Shipping|Win64.ActiveCfg = Shipping_Game|x64
		{13E5A238-C331-41D1-B819-D06A8E7539B9}.Shipping|Win64.Build.0 = Shipping_Game|x64
	EndGlobalSection
	GlobalSection(SolutionProperties) = preSolution
		HideSolutionNode = FALSE
	EndGlobalSection
	GlobalSection(NestedProjects) = preSolution
		{372A5985-C2F4-430D-8724-7ECF38C7AB34} = {78698A61-A1F4-43E6-9924-1671BDFCBAA3}
		{13E5A238-C331-41D1-B819-D06A8E7539B9} = {CDD350C1-AF1B-47F7-86D5-4BC75DF2DD9D}
	EndGlobalSection
EndGlobal
